
Microsoft Visual Studio Solution File, Format Version 12.00
# Visual Studio Version 17
VisualStudioVersion = 17.2.32616.157
MinimumVisualStudioVersion = 10.0.40219.1
Project("{2150E333-8FDC-42A3-9474-1A3956D46DE8}") = "src", "src", "{FEB58168-D9F6-47BD-9099-342729FC19A6}"
EndProject
Project("{2150E333-8FDC-42A3-9474-1A3956D46DE8}") = "tests", "tests", "{7EB0E988-8870-4870-8010-FF1C388622F5}"
EndProject
Project("{FAE04EC0-301F-11D3-BF4B-00C04F79EFBC}") = "DeveloperExperience.Linq", "src\DeveloperExperience.Linq\DeveloperExperience.Linq.csproj", "{1DAF7E29-18AE-4C71-BBA5-1D2E14F7893F}"
EndProject
Project("{9A19103F-16F7-4668-BE54-9A1E7A4F7556}") = "DeveloperExperience.Linq.UnitTests", "tests\DeveloperExperience.Linq.UnitTests\DeveloperExperience.Linq.UnitTests.csproj", "{971F1F88-12A8-49DB-91D8-8CF4CE667686}"
EndProject
Global
	GlobalSection(SolutionConfigurationPlatforms) = preSolution
		Debug|Any CPU = Debug|Any CPU
		Release|Any CPU = Release|Any CPU
	EndGlobalSection
	GlobalSection(ProjectConfigurationPlatforms) = postSolution
		{1DAF7E29-18AE-4C71-BBA5-1D2E14F7893F}.Debug|Any CPU.ActiveCfg = Debug|Any CPU
		{1DAF7E29-18AE-4C71-BBA5-1D2E14F7893F}.Debug|Any CPU.Build.0 = Debug|Any CPU
		{1DAF7E29-18AE-4C71-BBA5-1D2E14F7893F}.Release|Any CPU.ActiveCfg = Release|Any CPU
		{1DAF7E29-18AE-4C71-BBA5-1D2E14F7893F}.Release|Any CPU.Build.0 = Release|Any CPU
		{971F1F88-12A8-49DB-91D8-8CF4CE667686}.Debug|Any CPU.ActiveCfg = Debug|Any CPU
		{971F1F88-12A8-49DB-91D8-8CF4CE667686}.Debug|Any CPU.Build.0 = Debug|Any CPU
		{971F1F88-12A8-49DB-91D8-8CF4CE667686}.Release|Any CPU.ActiveCfg = Release|Any CPU
		{971F1F88-12A8-49DB-91D8-8CF4CE667686}.Release|Any CPU.Build.0 = Release|Any CPU
	EndGlobalSection
	GlobalSection(SolutionProperties) = preSolution
		HideSolutionNode = FALSE
	EndGlobalSection
	GlobalSection(NestedProjects) = preSolution
		{1DAF7E29-18AE-4C71-BBA5-1D2E14F7893F} = {FEB58168-D9F6-47BD-9099-342729FC19A6}
		{971F1F88-12A8-49DB-91D8-8CF4CE667686} = {7EB0E988-8870-4870-8010-FF1C388622F5}
	EndGlobalSection
	GlobalSection(ExtensibilityGlobals) = postSolution
		SolutionGuid = {52FAC39D-8248-4EAE-AA8C-17DC7A6070A4}
	EndGlobalSection
EndGlobal
